
Microsoft Visual Studio Solution File, Format Version 12.00
# Visual Studio 15
VisualStudioVersion = 15.0.28307.1082
MinimumVisualStudioVersion = 10.0.40219.1
Project("{FAE04EC0-301F-11D3-BF4B-00C04F79EFBC}") = "Proje", "Proje\Proje.csproj", "{69AA48C3-DB35-4A35-89A1-A91481F721DE}"
EndProject
Global
	GlobalSection(SolutionConfigurationPlatforms) = preSolution
		Debug|Any CPU = Debug|Any CPU
		Release|Any CPU = Release|Any CPU
	EndGlobalSection
	GlobalSection(ProjectConfigurationPlatforms) = postSolution
		{69AA48C3-DB35-4A35-89A1-A91481F721DE}.Debug|Any CPU.ActiveCfg = Debug|Any CPU
		{69AA48C3-DB35-4A35-89A1-A91481F721DE}.Debug|Any CPU.Build.0 = Debug|Any CPU
		{69AA48C3-DB35-4A35-89A1-A91481F721DE}.Release|Any CPU.ActiveCfg = Release|Any CPU
		{69AA48C3-DB35-4A35-89A1-A91481F721DE}.Release|Any CPU.Build.0 = Release|Any CPU
	EndGlobalSection
	GlobalSection(SolutionProperties) = preSolution
		HideSolutionNode = FALSE
	EndGlobalSection
	GlobalSection(ExtensibilityGlobals) = postSolution
		SolutionGuid = {D0F4E355-40AA-4C72-819F-60710A9ACFB4}
	EndGlobalSection
EndGlobal
